
Microsoft Visual Studio Solution File, Format Version 12.00
# Visual Studio Version 16
VisualStudioVersion = 16.0.31205.134
MinimumVisualStudioVersion = 10.0.40219.1
Project("{FAE04EC0-301F-11D3-BF4B-00C04F79EFBC}") = "BCI.Web", "BCI.Web\BCI.Web.csproj", "{F4F10A29-D632-4654-AD07-75C51B8F8E59}"
EndProject
Global
	GlobalSection(SolutionConfigurationPlatforms) = preSolution
		Debug|Any CPU = Debug|Any CPU
		Release|Any CPU = Release|Any CPU
	EndGlobalSection
	GlobalSection(ProjectConfigurationPlatforms) = postSolution
		{F4F10A29-D632-4654-AD07-75C51B8F8E59}.Debug|Any CPU.ActiveCfg = Debug|Any CPU
		{F4F10A29-D632-4654-AD07-75C51B8F8E59}.Debug|Any CPU.Build.0 = Debug|Any CPU
		{F4F10A29-D632-4654-AD07-75C51B8F8E59}.Release|Any CPU.ActiveCfg = Release|Any CPU
		{F4F10A29-D632-4654-AD07-75C51B8F8E59}.Release|Any CPU.Build.0 = Release|Any CPU
	EndGlobalSection
	GlobalSection(SolutionProperties) = preSolution
		HideSolutionNode = FALSE
	EndGlobalSection
	GlobalSection(ExtensibilityGlobals) = postSolution
		SolutionGuid = {B46B2A79-3BF8-430B-B46D-4792A14DAE82}
	EndGlobalSection
EndGlobal
